
Microsoft Visual Studio Solution File, Format Version 12.00
# Visual Studio 2012
Project("{888888A0-9F3D-457C-B088-3A5042F75D52}") = "PyMoronBot", "PyMoronBot.pyproj", "{7DD48E09-3A5A-4A79-8129-B8AE2D31D2ED}"
EndProject
Global
	GlobalSection(SolutionConfigurationPlatforms) = preSolution
		Debug|Any CPU = Debug|Any CPU
		Release|Any CPU = Release|Any CPU
	EndGlobalSection
	GlobalSection(ProjectConfigurationPlatforms) = postSolution
		{7DD48E09-3A5A-4A79-8129-B8AE2D31D2ED}.Debug|Any CPU.ActiveCfg = Debug|Any CPU
		{7DD48E09-3A5A-4A79-8129-B8AE2D31D2ED}.Release|Any CPU.ActiveCfg = Release|Any CPU
	EndGlobalSection
	GlobalSection(SolutionProperties) = preSolution
		HideSolutionNode = FALSE
	EndGlobalSection
EndGlobal
